<Solution>
  <Folder Name="/samples/" />
  <Folder Name="/samples/Helpdesk/">
    <Project Path="samples/Helpdesk/src/Helpdesk.Application/Helpdesk.Application.csproj" />
    <Project Path="samples/Helpdesk/src/Helpdesk.Domain/Helpdesk.Domain.csproj" />
    <Project Path="samples/Helpdesk/src/Helpdesk.Host/Helpdesk.Host.csproj" />
    <Project Path="samples/Helpdesk/src/Helpdesk.Infrastructure/Helpdesk.Infrastructure.csproj" />
  </Folder>
  <Folder Name="/src/">
    <Project Path="src/Hansom.Http/Hansom.Http.csproj" />
    <Project Path="src/Hansom.Postgresql/Hansom.Postgresql.csproj" />
    <Project Path="src/Hansom.RabbitMQ/Hansom.RabbitMQ.csproj" />
    <Project Path="src/Hansom/Hansom.csproj" />
  </Folder>
  <Folder Name="/tests/">
    <Project Path="tests/Helpdesk.Tests/Helpdesk.Tests.csproj" />
    <Project Path="tests/Hansom.Tests.Handlers/Hansom.Tests.Handlers.csproj" />
    <Project Path="tests/Hansom.Tests.InvalidCatalog/Hansom.Tests.InvalidCatalog.csproj" />
    <Project Path="tests/Hansom.Tests.InvalidHandlers/Hansom.Tests.InvalidHandlers.csproj" />
    <Project Path="tests/Hansom.Tests/Hansom.Tests.csproj" />
  </Folder>
</Solution>
